// !$*UTF8*$!
{
	archiveVersion = 1;
	classes = {
	};
	objectVersion = 77;
	objects = {

/* Begin PBXBuildFile section */
		7B06C9D82CC283FC0026D5D1 /* YouTubePlayerKit in Frameworks */ = {isa = PBXBuildFile; productRef = 7B06C9D72CC283FC0026D5D1 /* YouTubePlayerKit */; };
		7B06CB332CCAECE80026D5D1 /* Lato-Black.ttf in Resources */ = {isa = PBXBuildFile; fileRef = 7B06CB0F2CCAECE80026D5D1 /* Lato-Black.ttf */; };
		7B06CB342CCAECE80026D5D1 /* Lato-BlackItalic.ttf in Resources */ = {isa = PBXBuildFile; fileRef = 7B06CB102CCAECE80026D5D1 /* Lato-BlackItalic.ttf */; };
		7B06CB352CCAECE80026D5D1 /* Lato-Bold.ttf in Resources */ = {isa = PBXBuildFile; fileRef = 7B06CB112CCAECE80026D5D1 /* Lato-Bold.ttf */; };
		7B06CB362CCAECE80026D5D1 /* Lato-BoldItalic.ttf in Resources */ = {isa = PBXBuildFile; fileRef = 7B06CB122CCAECE80026D5D1 /* Lato-BoldItalic.ttf */; };
		7B06CB372CCAECE80026D5D1 /* Lato-Italic.ttf in Resources */ = {isa = PBXBuildFile; fileRef = 7B06CB132CCAECE80026D5D1 /* Lato-Italic.ttf */; };
		7B06CB382CCAECE80026D5D1 /* Lato-Light.ttf in Resources */ = {isa = PBXBuildFile; fileRef = 7B06CB142CCAECE80026D5D1 /* Lato-Light.ttf */; };
		7B06CB392CCAECE80026D5D1 /* Lato-LightItalic.ttf in Resources */ = {isa = PBXBuildFile; fileRef = 7B06CB152CCAECE80026D5D1 /* Lato-LightItalic.ttf */; };
		7B06CB3A2CCAECE80026D5D1 /* Lato-Regular.ttf in Resources */ = {isa = PBXBuildFile; fileRef = 7B06CB162CCAECE80026D5D1 /* Lato-Regular.ttf */; };
		7B06CB3B2CCAECE80026D5D1 /* Lato-Thin.ttf in Resources */ = {isa = PBXBuildFile; fileRef = 7B06CB172CCAECE80026D5D1 /* Lato-Thin.ttf */; };
		7B06CB3C2CCAECE80026D5D1 /* Lato-ThinItalic.ttf in Resources */ = {isa = PBXBuildFile; fileRef = 7B06CB182CCAECE80026D5D1 /* Lato-ThinItalic.ttf */; };
		7B06CB3D2CCAECE80026D5D1 /* Preview Assets.xcassets in Resources */ = {isa = PBXBuildFile; fileRef = 7B06CB222CCAECE80026D5D1 /* Preview Assets.xcassets */; };
		7B06CB3E2CCAECE80026D5D1 /* Assets.xcassets in Resources */ = {isa = PBXBuildFile; fileRef = 7B06CB2E2CCAECE80026D5D1 /* Assets.xcassets */; };
		7B06CB402CCAECE80026D5D1 /* Extensions + Font.swift in Sources */ = {isa = PBXBuildFile; fileRef = 7B06CB0D2CCAECE80026D5D1 /* Extensions + Font.swift */; };
		7B06CB412CCAECE80026D5D1 /* CustomTabBar.swift in Sources */ = {isa = PBXBuildFile; fileRef = 7B06CB1B2CCAECE80026D5D1 /* CustomTabBar.swift */; };
		7B06CB422CCAECE80026D5D1 /* Tab.swift in Sources */ = {isa = PBXBuildFile; fileRef = 7B06CB1C2CCAECE80026D5D1 /* Tab.swift */; };
		7B06CB432CCAECE80026D5D1 /* TabItem.swift in Sources */ = {isa = PBXBuildFile; fileRef = 7B06CB1D2CCAECE80026D5D1 /* TabItem.swift */; };
		7B06CB442CCAECE80026D5D1 /* TabPosition.swift in Sources */ = {isa = PBXBuildFile; fileRef = 7B06CB1E2CCAECE80026D5D1 /* TabPosition.swift */; };
		7B06CB452CCAECE80026D5D1 /* TabShape.swift in Sources */ = {isa = PBXBuildFile; fileRef = 7B06CB1F2CCAECE80026D5D1 /* TabShape.swift */; };
		7B06CB462CCAECE80026D5D1 /* Calculator.swift in Sources */ = {isa = PBXBuildFile; fileRef = 7B06CB242CCAECE80026D5D1 /* Calculator.swift */; };
		7B06CB472CCAECE80026D5D1 /* Home.swift in Sources */ = {isa = PBXBuildFile; fileRef = 7B06CB252CCAECE80026D5D1 /* Home.swift */; };
		7B06CB482CCAECE80026D5D1 /* Profile.swift in Sources */ = {isa = PBXBuildFile; fileRef = 7B06CB262CCAECE80026D5D1 /* Profile.swift */; };
		7B06CB492CCAECE80026D5D1 /* Social.swift in Sources */ = {isa = PBXBuildFile; fileRef = 7B06CB272CCAECE80026D5D1 /* Social.swift */; };
		7B06CB4A2CCAECE80026D5D1 /* Tracker.swift in Sources */ = {isa = PBXBuildFile; fileRef = 7B06CB282CCAECE80026D5D1 /* Tracker.swift */; };
		7B06CB4C2CCAECE80026D5D1 /* MealDetailView.swift in Sources */ = {isa = PBXBuildFile; fileRef = 7B06CB2B2CCAECE80026D5D1 /* MealDetailView.swift */; };
		7B06CB4D2CCAECE80026D5D1 /* MealDetailView2.swift in Sources */ = {isa = PBXBuildFile; fileRef = 7B06CB2C2CCAECE80026D5D1 /* MealDetailView2.swift */; };
		7B06CB4E2CCAECE80026D5D1 /* ContentView.swift in Sources */ = {isa = PBXBuildFile; fileRef = 7B06CB2F2CCAECE80026D5D1 /* ContentView.swift */; };
		7B06CB4F2CCAECE80026D5D1 /* HealthSyncApp.swift in Sources */ = {isa = PBXBuildFile; fileRef = 7B06CB302CCAECE80026D5D1 /* HealthSyncApp.swift */; };
/* End PBXBuildFile section */

/* Begin PBXFileReference section */
		7B06CB0D2CCAECE80026D5D1 /* Extensions + Font.swift */ = {isa = PBXFileReference; lastKnownFileType = sourcecode.swift; path = "Extensions + Font.swift"; sourceTree = "<group>"; };
		7B06CB0F2CCAECE80026D5D1 /* Lato-Black.ttf */ = {isa = PBXFileReference; lastKnownFileType = file; path = "Lato-Black.ttf"; sourceTree = "<group>"; };
		7B06CB102CCAECE80026D5D1 /* Lato-BlackItalic.ttf */ = {isa = PBXFileReference; lastKnownFileType = file; path = "Lato-BlackItalic.ttf"; sourceTree = "<group>"; };
		7B06CB112CCAECE80026D5D1 /* Lato-Bold.ttf */ = {isa = PBXFileReference; lastKnownFileType = file; path = "Lato-Bold.ttf"; sourceTree = "<group>"; };
		7B06CB122CCAECE80026D5D1 /* Lato-BoldItalic.ttf */ = {isa = PBXFileReference; lastKnownFileType = file; path = "Lato-BoldItalic.ttf"; sourceTree = "<group>"; };
		7B06CB132CCAECE80026D5D1 /* Lato-Italic.ttf */ = {isa = PBXFileReference; lastKnownFileType = file; path = "Lato-Italic.ttf"; sourceTree = "<group>"; };
		7B06CB142CCAECE80026D5D1 /* Lato-Light.ttf */ = {isa = PBXFileReference; lastKnownFileType = file; path = "Lato-Light.ttf"; sourceTree = "<group>"; };
		7B06CB152CCAECE80026D5D1 /* Lato-LightItalic.ttf */ = {isa = PBXFileReference; lastKnownFileType = file; path = "Lato-LightItalic.ttf"; sourceTree = "<group>"; };
		7B06CB162CCAECE80026D5D1 /* Lato-Regular.ttf */ = {isa = PBXFileReference; lastKnownFileType = file; path = "Lato-Regular.ttf"; sourceTree = "<group>"; };
		7B06CB172CCAECE80026D5D1 /* Lato-Thin.ttf */ = {isa = PBXFileReference; lastKnownFileType = file; path = "Lato-Thin.ttf"; sourceTree = "<group>"; };
		7B06CB182CCAECE80026D5D1 /* Lato-ThinItalic.ttf */ = {isa = PBXFileReference; lastKnownFileType = file; path = "Lato-ThinItalic.ttf"; sourceTree = "<group>"; };
		7B06CB1B2CCAECE80026D5D1 /* CustomTabBar.swift */ = {isa = PBXFileReference; lastKnownFileType = sourcecode.swift; path = CustomTabBar.swift; sourceTree = "<group>"; };
		7B06CB1C2CCAECE80026D5D1 /* Tab.swift */ = {isa = PBXFileReference; lastKnownFileType = sourcecode.swift; path = Tab.swift; sourceTree = "<group>"; };
		7B06CB1D2CCAECE80026D5D1 /* TabItem.swift */ = {isa = PBXFileReference; lastKnownFileType = sourcecode.swift; path = TabItem.swift; sourceTree = "<group>"; };
		7B06CB1E2CCAECE80026D5D1 /* TabPosition.swift */ = {isa = PBXFileReference; lastKnownFileType = sourcecode.swift; path = TabPosition.swift; sourceTree = "<group>"; };
		7B06CB1F2CCAECE80026D5D1 /* TabShape.swift */ = {isa = PBXFileReference; lastKnownFileType = sourcecode.swift; path = TabShape.swift; sourceTree = "<group>"; };
		7B06CB222CCAECE80026D5D1 /* Preview Assets.xcassets */ = {isa = PBXFileReference; lastKnownFileType = folder.assetcatalog; path = "Preview Assets.xcassets"; sourceTree = "<group>"; };
		7B06CB242CCAECE80026D5D1 /* Calculator.swift */ = {isa = PBXFileReference; lastKnownFileType = sourcecode.swift; path = Calculator.swift; sourceTree = "<group>"; };
		7B06CB252CCAECE80026D5D1 /* Home.swift */ = {isa = PBXFileReference; lastKnownFileType = sourcecode.swift; path = Home.swift; sourceTree = "<group>"; };
		7B06CB262CCAECE80026D5D1 /* Profile.swift */ = {isa = PBXFileReference; lastKnownFileType = sourcecode.swift; path = Profile.swift; sourceTree = "<group>"; };
		7B06CB272CCAECE80026D5D1 /* Social.swift */ = {isa = PBXFileReference; lastKnownFileType = sourcecode.swift; path = Social.swift; sourceTree = "<group>"; };
		7B06CB282CCAECE80026D5D1 /* Tracker.swift */ = {isa = PBXFileReference; lastKnownFileType = sourcecode.swift; path = Tracker.swift; sourceTree = "<group>"; };
		7B06CB2B2CCAECE80026D5D1 /* MealDetailView.swift */ = {isa = PBXFileReference; lastKnownFileType = sourcecode.swift; path = MealDetailView.swift; sourceTree = "<group>"; };
		7B06CB2C2CCAECE80026D5D1 /* MealDetailView2.swift */ = {isa = PBXFileReference; lastKnownFileType = sourcecode.swift; path = MealDetailView2.swift; sourceTree = "<group>"; };
		7B06CB2E2CCAECE80026D5D1 /* Assets.xcassets */ = {isa = PBXFileReference; lastKnownFileType = folder.assetcatalog; path = Assets.xcassets; sourceTree = "<group>"; };
		7B06CB2F2CCAECE80026D5D1 /* ContentView.swift */ = {isa = PBXFileReference; lastKnownFileType = sourcecode.swift; path = ContentView.swift; sourceTree = "<group>"; };
		7B06CB302CCAECE80026D5D1 /* HealthSyncApp.swift */ = {isa = PBXFileReference; lastKnownFileType = sourcecode.swift; path = HealthSyncApp.swift; sourceTree = "<group>"; };
		7B06CB312CCAECE80026D5D1 /* Info.plist */ = {isa = PBXFileReference; lastKnownFileType = text.plist.xml; path = Info.plist; sourceTree = "<group>"; };
		7B3D64CF2CB6E959002303F9 /* HealthSync.app */ = {isa = PBXFileReference; explicitFileType = wrapper.application; includeInIndex = 0; path = HealthSync.app; sourceTree = BUILT_PRODUCTS_DIR; };
/* End PBXFileReference section */

/* Begin PBXFrameworksBuildPhase section */
		7B3D64CC2CB6E959002303F9 /* Frameworks */ = {
			isa = PBXFrameworksBuildPhase;
			buildActionMask = 2147483647;
			files = (
				7B06C9D82CC283FC0026D5D1 /* YouTubePlayerKit in Frameworks */,
			);
			runOnlyForDeploymentPostprocessing = 0;
		};
/* End PBXFrameworksBuildPhase section */

/* Begin PBXGroup section */
		7B06CB0E2CCAECE80026D5D1 /* Extensions */ = {
			isa = PBXGroup;
			children = (
				7B06CB0D2CCAECE80026D5D1 /* Extensions + Font.swift */,
			);
			path = Extensions;
			sourceTree = "<group>";
		};
		7B06CB192CCAECE80026D5D1 /* Fonts */ = {
			isa = PBXGroup;
			children = (
				7B06CB0F2CCAECE80026D5D1 /* Lato-Black.ttf */,
				7B06CB102CCAECE80026D5D1 /* Lato-BlackItalic.ttf */,
				7B06CB112CCAECE80026D5D1 /* Lato-Bold.ttf */,
				7B06CB122CCAECE80026D5D1 /* Lato-BoldItalic.ttf */,
				7B06CB132CCAECE80026D5D1 /* Lato-Italic.ttf */,
				7B06CB142CCAECE80026D5D1 /* Lato-Light.ttf */,
				7B06CB152CCAECE80026D5D1 /* Lato-LightItalic.ttf */,
				7B06CB162CCAECE80026D5D1 /* Lato-Regular.ttf */,
				7B06CB172CCAECE80026D5D1 /* Lato-Thin.ttf */,
				7B06CB182CCAECE80026D5D1 /* Lato-ThinItalic.ttf */,
			);
			path = Fonts;
			sourceTree = "<group>";
		};
		7B06CB1A2CCAECE80026D5D1 /* Common */ = {
			isa = PBXGroup;
			children = (
				7B06CB0E2CCAECE80026D5D1 /* Extensions */,
				7B06CB192CCAECE80026D5D1 /* Fonts */,
			);
			path = Common;
			sourceTree = "<group>";
		};
		7B06CB202CCAECE80026D5D1 /* TabBar */ = {
			isa = PBXGroup;
			children = (
				7B06CB1B2CCAECE80026D5D1 /* CustomTabBar.swift */,
				7B06CB1C2CCAECE80026D5D1 /* Tab.swift */,
				7B06CB1D2CCAECE80026D5D1 /* TabItem.swift */,
				7B06CB1E2CCAECE80026D5D1 /* TabPosition.swift */,
				7B06CB1F2CCAECE80026D5D1 /* TabShape.swift */,
			);
			path = TabBar;
			sourceTree = "<group>";
		};
		7B06CB212CCAECE80026D5D1 /* Navigation */ = {
			isa = PBXGroup;
			children = (
				7B06CB202CCAECE80026D5D1 /* TabBar */,
			);
			path = Navigation;
			sourceTree = "<group>";
		};
		7B06CB232CCAECE80026D5D1 /* Preview Content */ = {
			isa = PBXGroup;
			children = (
				7B06CB222CCAECE80026D5D1 /* Preview Assets.xcassets */,
			);
			path = "Preview Content";
			sourceTree = "<group>";
		};
		7B06CB292CCAECE80026D5D1 /* Views */ = {
			isa = PBXGroup;
			children = (
				7B06CB252CCAECE80026D5D1 /* Home.swift */,
				7B06CB272CCAECE80026D5D1 /* Social.swift */,
				7B06CB282CCAECE80026D5D1 /* Tracker.swift */,
				7B06CB242CCAECE80026D5D1 /* Calculator.swift */,
				7B06CB262CCAECE80026D5D1 /* Profile.swift */,
			);
			path = Views;
			sourceTree = "<group>";
		};
		7B06CB2D2CCAECE80026D5D1 /* Views */ = {
			isa = PBXGroup;
			children = (
				7B06CB292CCAECE80026D5D1 /* Views */,
				7B06CB2B2CCAECE80026D5D1 /* MealDetailView.swift */,
				7B06CB2C2CCAECE80026D5D1 /* MealDetailView2.swift */,
			);
			path = Views;
			sourceTree = "<group>";
		};
		7B06CB322CCAECE80026D5D1 /* HealthSync */ = {
			isa = PBXGroup;
			children = (
				7B06CB1A2CCAECE80026D5D1 /* Common */,
				7B06CB212CCAECE80026D5D1 /* Navigation */,
				7B06CB232CCAECE80026D5D1 /* Preview Content */,
				7B06CB2D2CCAECE80026D5D1 /* Views */,
				7B06CB2E2CCAECE80026D5D1 /* Assets.xcassets */,
				7B06CB2F2CCAECE80026D5D1 /* ContentView.swift */,
				7B06CB302CCAECE80026D5D1 /* HealthSyncApp.swift */,
				7B06CB312CCAECE80026D5D1 /* Info.plist */,
			);
			path = HealthSync;
			sourceTree = "<group>";
		};
		7B3D64C62CB6E959002303F9 = {
			isa = PBXGroup;
			children = (
				7B06CB322CCAECE80026D5D1 /* HealthSync */,
				7B3D64D02CB6E959002303F9 /* Products */,
			);
			sourceTree = "<group>";
		};
		7B3D64D02CB6E959002303F9 /* Products */ = {
			isa = PBXGroup;
			children = (
				7B3D64CF2CB6E959002303F9 /* HealthSync.app */,
			);
			name = Products;
			sourceTree = "<group>";
		};
/* End PBXGroup section */

/* Begin PBXNativeTarget section */
		7B3D64CE2CB6E959002303F9 /* HealthSync */ = {
			isa = PBXNativeTarget;
			buildConfigurationList = 7B3D64DD2CB6E95D002303F9 /* Build configuration list for PBXNativeTarget "HealthSync" */;
			buildPhases = (
				7B3D64CB2CB6E959002303F9 /* Sources */,
				7B3D64CC2CB6E959002303F9 /* Frameworks */,
				7B3D64CD2CB6E959002303F9 /* Resources */,
			);
			buildRules = (
			);
			dependencies = (
			);
			name = HealthSync;
			packageProductDependencies = (
				7B06C9D72CC283FC0026D5D1 /* YouTubePlayerKit */,
			);
			productName = HealthSync;
			productReference = 7B3D64CF2CB6E959002303F9 /* HealthSync.app */;
			productType = "com.apple.product-type.application";
		};
/* End PBXNativeTarget section */

/* Begin PBXProject section */
		7B3D64C72CB6E959002303F9 /* Project object */ = {
			isa = PBXProject;
			attributes = {
				BuildIndependentTargetsInParallel = 1;
				LastSwiftUpdateCheck = 1600;
				LastUpgradeCheck = 1600;
				TargetAttributes = {
					7B3D64CE2CB6E959002303F9 = {
						CreatedOnToolsVersion = 16.0;
					};
				};
			};
			buildConfigurationList = 7B3D64CA2CB6E959002303F9 /* Build configuration list for PBXProject "HealthSync" */;
			developmentRegion = en;
			hasScannedForEncodings = 0;
			knownRegions = (
				en,
				Base,
			);
			mainGroup = 7B3D64C62CB6E959002303F9;
			minimizedProjectReferenceProxies = 1;
			packageReferences = (
				7B06C9D62CC283FC0026D5D1 /* XCRemoteSwiftPackageReference "YouTubePlayerKit" */,
			);
			preferredProjectObjectVersion = 77;
			productRefGroup = 7B3D64D02CB6E959002303F9 /* Products */;
			projectDirPath = "";
			projectRoot = "";
			targets = (
				7B3D64CE2CB6E959002303F9 /* HealthSync */,
			);
		};
/* End PBXProject section */

/* Begin PBXResourcesBuildPhase section */
		7B3D64CD2CB6E959002303F9 /* Resources */ = {
			isa = PBXResourcesBuildPhase;
			buildActionMask = 2147483647;
			files = (
				7B06CB332CCAECE80026D5D1 /* Lato-Black.ttf in Resources */,
				7B06CB342CCAECE80026D5D1 /* Lato-BlackItalic.ttf in Resources */,
				7B06CB352CCAECE80026D5D1 /* Lato-Bold.ttf in Resources */,
				7B06CB362CCAECE80026D5D1 /* Lato-BoldItalic.ttf in Resources */,
				7B06CB372CCAECE80026D5D1 /* Lato-Italic.ttf in Resources */,
				7B06CB382CCAECE80026D5D1 /* Lato-Light.ttf in Resources */,
				7B06CB392CCAECE80026D5D1 /* Lato-LightItalic.ttf in Resources */,
				7B06CB3A2CCAECE80026D5D1 /* Lato-Regular.ttf in Resources */,
				7B06CB3B2CCAECE80026D5D1 /* Lato-Thin.ttf in Resources */,
				7B06CB3C2CCAECE80026D5D1 /* Lato-ThinItalic.ttf in Resources */,
				7B06CB3D2CCAECE80026D5D1 /* Preview Assets.xcassets in Resources */,
				7B06CB3E2CCAECE80026D5D1 /* Assets.xcassets in Resources */,
			);
			runOnlyForDeploymentPostprocessing = 0;
		};
/* End PBXResourcesBuildPhase section */

/* Begin PBXSourcesBuildPhase section */
		7B3D64CB2CB6E959002303F9 /* Sources */ = {
			isa = PBXSourcesBuildPhase;
			buildActionMask = 2147483647;
			files = (
				7B06CB402CCAECE80026D5D1 /* Extensions + Font.swift in Sources */,
				7B06CB412CCAECE80026D5D1 /* CustomTabBar.swift in Sources */,
				7B06CB422CCAECE80026D5D1 /* Tab.swift in Sources */,
				7B06CB432CCAECE80026D5D1 /* TabItem.swift in Sources */,
				7B06CB442CCAECE80026D5D1 /* TabPosition.swift in Sources */,
				7B06CB452CCAECE80026D5D1 /* TabShape.swift in Sources */,
				7B06CB462CCAECE80026D5D1 /* Calculator.swift in Sources */,
				7B06CB472CCAECE80026D5D1 /* Home.swift in Sources */,
				7B06CB482CCAECE80026D5D1 /* Profile.swift in Sources */,
				7B06CB492CCAECE80026D5D1 /* Social.swift in Sources */,
				7B06CB4A2CCAECE80026D5D1 /* Tracker.swift in Sources */,
				7B06CB4C2CCAECE80026D5D1 /* MealDetailView.swift in Sources */,
				7B06CB4D2CCAECE80026D5D1 /* MealDetailView2.swift in Sources */,
				7B06CB4E2CCAECE80026D5D1 /* ContentView.swift in Sources */,
				7B06CB4F2CCAECE80026D5D1 /* HealthSyncApp.swift in Sources */,
			);
			runOnlyForDeploymentPostprocessing = 0;
		};
/* End PBXSourcesBuildPhase section */

/* Begin XCBuildConfiguration section */
		7B3D64DB2CB6E95D002303F9 /* Debug */ = {
			isa = XCBuildConfiguration;
			buildSettings = {
				ALWAYS_SEARCH_USER_PATHS = NO;
				ASSETCATALOG_COMPILER_GENERATE_SWIFT_ASSET_SYMBOL_EXTENSIONS = YES;
				CLANG_ANALYZER_NONNULL = YES;
				CLANG_ANALYZER_NUMBER_OBJECT_CONVERSION = YES_AGGRESSIVE;
				CLANG_CXX_LANGUAGE_STANDARD = "gnu++20";
				CLANG_ENABLE_MODULES = YES;
				CLANG_ENABLE_OBJC_ARC = YES;
				CLANG_ENABLE_OBJC_WEAK = YES;
				CLANG_WARN_BLOCK_CAPTURE_AUTORELEASING = YES;
				CLANG_WARN_BOOL_CONVERSION = YES;
				CLANG_WARN_COMMA = YES;
				CLANG_WARN_CONSTANT_CONVERSION = YES;
				CLANG_WARN_DEPRECATED_OBJC_IMPLEMENTATIONS = YES;
				CLANG_WARN_DIRECT_OBJC_ISA_USAGE = YES_ERROR;
				CLANG_WARN_DOCUMENTATION_COMMENTS = YES;
				CLANG_WARN_EMPTY_BODY = YES;
				CLANG_WARN_ENUM_CONVERSION = YES;
				CLANG_WARN_INFINITE_RECURSION = YES;
				CLANG_WARN_INT_CONVERSION = YES;
				CLANG_WARN_NON_LITERAL_NULL_CONVERSION = YES;
				CLANG_WARN_OBJC_IMPLICIT_RETAIN_SELF = YES;
				CLANG_WARN_OBJC_LITERAL_CONVERSION = YES;
				CLANG_WARN_OBJC_ROOT_CLASS = YES_ERROR;
				CLANG_WARN_QUOTED_INCLUDE_IN_FRAMEWORK_HEADER = YES;
				CLANG_WARN_RANGE_LOOP_ANALYSIS = YES;
				CLANG_WARN_STRICT_PROTOTYPES = YES;
				CLANG_WARN_SUSPICIOUS_MOVE = YES;
				CLANG_WARN_UNGUARDED_AVAILABILITY = YES_AGGRESSIVE;
				CLANG_WARN_UNREACHABLE_CODE = YES;
				CLANG_WARN__DUPLICATE_METHOD_MATCH = YES;
				COPY_PHASE_STRIP = NO;
				DEBUG_INFORMATION_FORMAT = dwarf;
				ENABLE_STRICT_OBJC_MSGSEND = YES;
				ENABLE_TESTABILITY = YES;
				ENABLE_USER_SCRIPT_SANDBOXING = YES;
				GCC_C_LANGUAGE_STANDARD = gnu17;
				GCC_DYNAMIC_NO_PIC = NO;
				GCC_NO_COMMON_BLOCKS = YES;
				GCC_OPTIMIZATION_LEVEL = 0;
				GCC_PREPROCESSOR_DEFINITIONS = (
					"DEBUG=1",
					"$(inherited)",
				);
				GCC_WARN_64_TO_32_BIT_CONVERSION = YES;
				GCC_WARN_ABOUT_RETURN_TYPE = YES_ERROR;
				GCC_WARN_UNDECLARED_SELECTOR = YES;
				GCC_WARN_UNINITIALIZED_AUTOS = YES_AGGRESSIVE;
				GCC_WARN_UNUSED_FUNCTION = YES;
				GCC_WARN_UNUSED_VARIABLE = YES;
				IPHONEOS_DEPLOYMENT_TARGET = 18.0;
				LOCALIZATION_PREFERS_STRING_CATALOGS = YES;
				MTL_ENABLE_DEBUG_INFO = INCLUDE_SOURCE;
				MTL_FAST_MATH = YES;
				ONLY_ACTIVE_ARCH = YES;
				SDKROOT = iphoneos;
				SWIFT_ACTIVE_COMPILATION_CONDITIONS = "DEBUG $(inherited)";
				SWIFT_OPTIMIZATION_LEVEL = "-Onone";
			};
			name = Debug;
		};
		7B3D64DC2CB6E95D002303F9 /* Release */ = {
			isa = XCBuildConfiguration;
			buildSettings = {
				ALWAYS_SEARCH_USER_PATHS = NO;
				ASSETCATALOG_COMPILER_GENERATE_SWIFT_ASSET_SYMBOL_EXTENSIONS = YES;
				CLANG_ANALYZER_NONNULL = YES;
				CLANG_ANALYZER_NUMBER_OBJECT_CONVERSION = YES_AGGRESSIVE;
				CLANG_CXX_LANGUAGE_STANDARD = "gnu++20";
				CLANG_ENABLE_MODULES = YES;
				CLANG_ENABLE_OBJC_ARC = YES;
				CLANG_ENABLE_OBJC_WEAK = YES;
				CLANG_WARN_BLOCK_CAPTURE_AUTORELEASING = YES;
				CLANG_WARN_BOOL_CONVERSION = YES;
				CLANG_WARN_COMMA = YES;
				CLANG_WARN_CONSTANT_CONVERSION = YES;
				CLANG_WARN_DEPRECATED_OBJC_IMPLEMENTATIONS = YES;
				CLANG_WARN_DIRECT_OBJC_ISA_USAGE = YES_ERROR;
				CLANG_WARN_DOCUMENTATION_COMMENTS = YES;
				CLANG_WARN_EMPTY_BODY = YES;
				CLANG_WARN_ENUM_CONVERSION = YES;
				CLANG_WARN_INFINITE_RECURSION = YES;
				CLANG_WARN_INT_CONVERSION = YES;
				CLANG_WARN_NON_LITERAL_NULL_CONVERSION = YES;
				CLANG_WARN_OBJC_IMPLICIT_RETAIN_SELF = YES;
				CLANG_WARN_OBJC_LITERAL_CONVERSION = YES;
				CLANG_WARN_OBJC_ROOT_CLASS = YES_ERROR;
				CLANG_WARN_QUOTED_INCLUDE_IN_FRAMEWORK_HEADER = YES;
				CLANG_WARN_RANGE_LOOP_ANALYSIS = YES;
				CLANG_WARN_STRICT_PROTOTYPES = YES;
				CLANG_WARN_SUSPICIOUS_MOVE = YES;
				CLANG_WARN_UNGUARDED_AVAILABILITY = YES_AGGRESSIVE;
				CLANG_WARN_UNREACHABLE_CODE = YES;
				CLANG_WARN__DUPLICATE_METHOD_MATCH = YES;
				COPY_PHASE_STRIP = NO;
				DEBUG_INFORMATION_FORMAT = "dwarf-with-dsym";
				ENABLE_NS_ASSERTIONS = NO;
				ENABLE_STRICT_OBJC_MSGSEND = YES;
				ENABLE_USER_SCRIPT_SANDBOXING = YES;
				GCC_C_LANGUAGE_STANDARD = gnu17;
				GCC_NO_COMMON_BLOCKS = YES;
				GCC_WARN_64_TO_32_BIT_CONVERSION = YES;
				GCC_WARN_ABOUT_RETURN_TYPE = YES_ERROR;
				GCC_WARN_UNDECLARED_SELECTOR = YES;
				GCC_WARN_UNINITIALIZED_AUTOS = YES_AGGRESSIVE;
				GCC_WARN_UNUSED_FUNCTION = YES;
				GCC_WARN_UNUSED_VARIABLE = YES;
				IPHONEOS_DEPLOYMENT_TARGET = 18.0;
				LOCALIZATION_PREFERS_STRING_CATALOGS = YES;
				MTL_ENABLE_DEBUG_INFO = NO;
				MTL_FAST_MATH = YES;
				SDKROOT = iphoneos;
				SWIFT_COMPILATION_MODE = wholemodule;
				VALIDATE_PRODUCT = YES;
			};
			name = Release;
		};
		7B3D64DE2CB6E95D002303F9 /* Debug */ = {
			isa = XCBuildConfiguration;
			buildSettings = {
				ASSETCATALOG_COMPILER_APPICON_NAME = AppIcon;
				ASSETCATALOG_COMPILER_GLOBAL_ACCENT_COLOR_NAME = AccentColor;
				CODE_SIGN_STYLE = Automatic;
				CURRENT_PROJECT_VERSION = 1;
				DEVELOPMENT_ASSET_PATHS = "\"HealthSync/Preview Content\"";
				DEVELOPMENT_TEAM = SDD6GS4SZP;
				ENABLE_PREVIEWS = YES;
				GENERATE_INFOPLIST_FILE = YES;
				INFOPLIST_FILE = HealthSync/Info.plist;
				INFOPLIST_KEY_CFBundleDisplayName = "Health Sync";
				INFOPLIST_KEY_UIApplicationSceneManifest_Generation = YES;
				INFOPLIST_KEY_UIApplicationSupportsIndirectInputEvents = YES;
				INFOPLIST_KEY_UILaunchScreen_Generation = YES;
				INFOPLIST_KEY_UISupportedInterfaceOrientations = "UIInterfaceOrientationLandscapeLeft UIInterfaceOrientationLandscapeRight UIInterfaceOrientationPortrait";
				IPHONEOS_DEPLOYMENT_TARGET = 17.0;
				LD_RUNPATH_SEARCH_PATHS = (
					"$(inherited)",
					"@executable_path/Frameworks",
				);
				MARKETING_VERSION = 1.0;
				PRODUCT_BUNDLE_IDENTIFIER = evgenimityulya.HealthSync;
				PRODUCT_NAME = "$(TARGET_NAME)";
				SUPPORTED_PLATFORMS = "iphoneos iphonesimulator";
				SUPPORTS_MACCATALYST = NO;
				SUPPORTS_MAC_DESIGNED_FOR_IPHONE_IPAD = NO;
				SUPPORTS_XR_DESIGNED_FOR_IPHONE_IPAD = NO;
				SWIFT_EMIT_LOC_STRINGS = YES;
				SWIFT_VERSION = 5.0;
				TARGETED_DEVICE_FAMILY = "1,2";
			};
			name = Debug;
		};
		7B3D64DF2CB6E95D002303F9 /* Release */ = {
			isa = XCBuildConfiguration;
			buildSettings = {
				ASSETCATALOG_COMPILER_APPICON_NAME = AppIcon;
				ASSETCATALOG_COMPILER_GLOBAL_ACCENT_COLOR_NAME = AccentColor;
				CODE_SIGN_STYLE = Automatic;
				CURRENT_PROJECT_VERSION = 1;
				DEVELOPMENT_ASSET_PATHS = "\"HealthSync/Preview Content\"";
				DEVELOPMENT_TEAM = SDD6GS4SZP;
				ENABLE_PREVIEWS = YES;
				GENERATE_INFOPLIST_FILE = YES;
				INFOPLIST_FILE = HealthSync/Info.plist;
				INFOPLIST_KEY_CFBundleDisplayName = "Health Sync";
				INFOPLIST_KEY_UIApplicationSceneManifest_Generation = YES;
				INFOPLIST_KEY_UIApplicationSupportsIndirectInputEvents = YES;
				INFOPLIST_KEY_UILaunchScreen_Generation = YES;
				INFOPLIST_KEY_UISupportedInterfaceOrientations = "UIInterfaceOrientationLandscapeLeft UIInterfaceOrientationLandscapeRight UIInterfaceOrientationPortrait";
				IPHONEOS_DEPLOYMENT_TARGET = 17.0;
				LD_RUNPATH_SEARCH_PATHS = (
					"$(inherited)",
					"@executable_path/Frameworks",
				);
				MARKETING_VERSION = 1.0;
				PRODUCT_BUNDLE_IDENTIFIER = evgenimityulya.HealthSync;
				PRODUCT_NAME = "$(TARGET_NAME)";
				SUPPORTED_PLATFORMS = "iphoneos iphonesimulator";
				SUPPORTS_MACCATALYST = NO;
				SUPPORTS_MAC_DESIGNED_FOR_IPHONE_IPAD = NO;
				SUPPORTS_XR_DESIGNED_FOR_IPHONE_IPAD = NO;
				SWIFT_EMIT_LOC_STRINGS = YES;
				SWIFT_VERSION = 5.0;
				TARGETED_DEVICE_FAMILY = "1,2";
			};
			name = Release;
		};
/* End XCBuildConfiguration section */

/* Begin XCConfigurationList section */
		7B3D64CA2CB6E959002303F9 /* Build configuration list for PBXProject "HealthSync" */ = {
			isa = XCConfigurationList;
			buildConfigurations = (
				7B3D64DB2CB6E95D002303F9 /* Debug */,
				7B3D64DC2CB6E95D002303F9 /* Release */,
			);
			defaultConfigurationIsVisible = 0;
			defaultConfigurationName = Release;
		};
		7B3D64DD2CB6E95D002303F9 /* Build configuration list for PBXNativeTarget "HealthSync" */ = {
			isa = XCConfigurationList;
			buildConfigurations = (
				7B3D64DE2CB6E95D002303F9 /* Debug */,
				7B3D64DF2CB6E95D002303F9 /* Release */,
			);
			defaultConfigurationIsVisible = 0;
			defaultConfigurationName = Release;
		};
/* End XCConfigurationList section */

/* Begin XCRemoteSwiftPackageReference section */
		7B06C9D62CC283FC0026D5D1 /* XCRemoteSwiftPackageReference "YouTubePlayerKit" */ = {
			isa = XCRemoteSwiftPackageReference;
			repositoryURL = "https://github.com/SvenTiigi/YouTubePlayerKit.git";
			requirement = {
				kind = upToNextMajorVersion;
				minimumVersion = 1.9.0;
			};
		};
/* End XCRemoteSwiftPackageReference section */

/* Begin XCSwiftPackageProductDependency section */
		7B06C9D72CC283FC0026D5D1 /* YouTubePlayerKit */ = {
			isa = XCSwiftPackageProductDependency;
			package = 7B06C9D62CC283FC0026D5D1 /* XCRemoteSwiftPackageReference "YouTubePlayerKit" */;
			productName = YouTubePlayerKit;
		};
/* End XCSwiftPackageProductDependency section */
	};
	rootObject = 7B3D64C72CB6E959002303F9 /* Project object */;
}
